// !$*UTF8*$!
{
	archiveVersion = 1;
	classes = {
	};
	objectVersion = 56;
	objects = {

/* Begin PBXBuildFile section */
		84D67BE8292294A700AD3242 /* NoteApp.swift in Sources */ = {isa = PBXBuildFile; fileRef = 84D67BE7292294A700AD3242 /* NoteApp.swift */; };
		84D67BEA292294A700AD3242 /* ContentView.swift in Sources */ = {isa = PBXBuildFile; fileRef = 84D67BE9292294A700AD3242 /* ContentView.swift */; };
		84D67BEC292294A800AD3242 /* Assets.xcassets in Resources */ = {isa = PBXBuildFile; fileRef = 84D67BEB292294A800AD3242 /* Assets.xcassets */; };
		84D67BEF292294A800AD3242 /* Preview Assets.xcassets in Resources */ = {isa = PBXBuildFile; fileRef = 84D67BEE292294A800AD3242 /* Preview Assets.xcassets */; };
		84D67BF9292294A900AD3242 /* NoteTests.swift in Sources */ = {isa = PBXBuildFile; fileRef = 84D67BF8292294A900AD3242 /* NoteTests.swift */; };
		84D67C03292294A900AD3242 /* NoteUITests.swift in Sources */ = {isa = PBXBuildFile; fileRef = 84D67C02292294A900AD3242 /* NoteUITests.swift */; };
		84D67C05292294A900AD3242 /* NoteUITestsLaunchTests.swift in Sources */ = {isa = PBXBuildFile; fileRef = 84D67C04292294A900AD3242 /* NoteUITestsLaunchTests.swift */; };
		CB3FE72829A0EDF1006690FB /* HomeNoteCardGrid.swift in Sources */ = {isa = PBXBuildFile; fileRef = CB3FE72729A0EDF1006690FB /* HomeNoteCardGrid.swift */; };
		CB6C74E8299D0D9400922D3D /* NotesView.swift in Sources */ = {isa = PBXBuildFile; fileRef = CB6C74E7299D0D9400922D3D /* NotesView.swift */; };
		CB6C74EA299D0F3100922D3D /* SearchBar.swift in Sources */ = {isa = PBXBuildFile; fileRef = CB6C74E9299D0F3100922D3D /* SearchBar.swift */; };
		CB6C74EC299D118600922D3D /* NoteCard.swift in Sources */ = {isa = PBXBuildFile; fileRef = CB6C74EB299D118600922D3D /* NoteCard.swift */; };
		CB80AE63299C8D03003E572A /* Sidebar.swift in Sources */ = {isa = PBXBuildFile; fileRef = CB80AE62299C8D03003E572A /* Sidebar.swift */; };
		CBC97AAC29A2018400422205 /* HomeView.swift in Sources */ = {isa = PBXBuildFile; fileRef = CBC97AAB29A2018400422205 /* HomeView.swift */; };
		CBC97AAE29A2340600422205 /* NoteCardGrid.swift in Sources */ = {isa = PBXBuildFile; fileRef = CBC97AAD29A2340600422205 /* NoteCardGrid.swift */; };
		CBC9CC38299F3D80004EDE35 /* HomeNoteCard.swift in Sources */ = {isa = PBXBuildFile; fileRef = CBC9CC37299F3D80004EDE35 /* HomeNoteCard.swift */; };
		CBDD7AAA299E47C70090DCB0 /* HomeLabelList.swift in Sources */ = {isa = PBXBuildFile; fileRef = CBDD7AA9299E47C70090DCB0 /* HomeLabelList.swift */; };
		CBDD7AAC299E486F0090DCB0 /* LabelEditSheet.swift in Sources */ = {isa = PBXBuildFile; fileRef = CBDD7AAB299E486F0090DCB0 /* LabelEditSheet.swift */; };
		CBDD7AAE299E4EFE0090DCB0 /* DetailsView.swift in Sources */ = {isa = PBXBuildFile; fileRef = CBDD7AAD299E4EFE0090DCB0 /* DetailsView.swift */; };
/* End PBXBuildFile section */

/* Begin PBXContainerItemProxy section */
		84D67BF5292294A900AD3242 /* PBXContainerItemProxy */ = {
			isa = PBXContainerItemProxy;
			containerPortal = 84D67BDC292294A700AD3242 /* Project object */;
			proxyType = 1;
			remoteGlobalIDString = 84D67BE3292294A700AD3242;
			remoteInfo = Note;
		};
		84D67BFF292294A900AD3242 /* PBXContainerItemProxy */ = {
			isa = PBXContainerItemProxy;
			containerPortal = 84D67BDC292294A700AD3242 /* Project object */;
			proxyType = 1;
			remoteGlobalIDString = 84D67BE3292294A700AD3242;
			remoteInfo = Note;
		};
/* End PBXContainerItemProxy section */

/* Begin PBXFileReference section */
		84D67BE4292294A700AD3242 /* Note.app */ = {isa = PBXFileReference; explicitFileType = wrapper.application; includeInIndex = 0; path = Note.app; sourceTree = BUILT_PRODUCTS_DIR; };
		84D67BE7292294A700AD3242 /* NoteApp.swift */ = {isa = PBXFileReference; lastKnownFileType = sourcecode.swift; path = NoteApp.swift; sourceTree = "<group>"; };
		84D67BE9292294A700AD3242 /* ContentView.swift */ = {isa = PBXFileReference; lastKnownFileType = sourcecode.swift; path = ContentView.swift; sourceTree = "<group>"; };
		84D67BEB292294A800AD3242 /* Assets.xcassets */ = {isa = PBXFileReference; lastKnownFileType = folder.assetcatalog; path = Assets.xcassets; sourceTree = "<group>"; };
		84D67BEE292294A800AD3242 /* Preview Assets.xcassets */ = {isa = PBXFileReference; lastKnownFileType = folder.assetcatalog; path = "Preview Assets.xcassets"; sourceTree = "<group>"; };
		84D67BF4292294A900AD3242 /* NoteTests.xctest */ = {isa = PBXFileReference; explicitFileType = wrapper.cfbundle; includeInIndex = 0; path = NoteTests.xctest; sourceTree = BUILT_PRODUCTS_DIR; };
		84D67BF8292294A900AD3242 /* NoteTests.swift */ = {isa = PBXFileReference; lastKnownFileType = sourcecode.swift; path = NoteTests.swift; sourceTree = "<group>"; };
		84D67BFE292294A900AD3242 /* NoteUITests.xctest */ = {isa = PBXFileReference; explicitFileType = wrapper.cfbundle; includeInIndex = 0; path = NoteUITests.xctest; sourceTree = BUILT_PRODUCTS_DIR; };
		84D67C02292294A900AD3242 /* NoteUITests.swift */ = {isa = PBXFileReference; lastKnownFileType = sourcecode.swift; path = NoteUITests.swift; sourceTree = "<group>"; };
		84D67C04292294A900AD3242 /* NoteUITestsLaunchTests.swift */ = {isa = PBXFileReference; lastKnownFileType = sourcecode.swift; path = NoteUITestsLaunchTests.swift; sourceTree = "<group>"; };
		CB3FE72729A0EDF1006690FB /* HomeNoteCardGrid.swift */ = {isa = PBXFileReference; lastKnownFileType = sourcecode.swift; path = HomeNoteCardGrid.swift; sourceTree = "<group>"; };
		CB6C74E7299D0D9400922D3D /* NotesView.swift */ = {isa = PBXFileReference; lastKnownFileType = sourcecode.swift; path = NotesView.swift; sourceTree = "<group>"; };
		CB6C74E9299D0F3100922D3D /* SearchBar.swift */ = {isa = PBXFileReference; lastKnownFileType = sourcecode.swift; path = SearchBar.swift; sourceTree = "<group>"; };
		CB6C74EB299D118600922D3D /* NoteCard.swift */ = {isa = PBXFileReference; lastKnownFileType = sourcecode.swift; path = NoteCard.swift; sourceTree = "<group>"; };
		CB80AE62299C8D03003E572A /* Sidebar.swift */ = {isa = PBXFileReference; lastKnownFileType = sourcecode.swift; path = Sidebar.swift; sourceTree = "<group>"; };
		CBC97AAB29A2018400422205 /* HomeView.swift */ = {isa = PBXFileReference; lastKnownFileType = sourcecode.swift; path = HomeView.swift; sourceTree = "<group>"; };
		CBC97AAD29A2340600422205 /* NoteCardGrid.swift */ = {isa = PBXFileReference; lastKnownFileType = sourcecode.swift; path = NoteCardGrid.swift; sourceTree = "<group>"; };
		CBC9CC37299F3D80004EDE35 /* HomeNoteCard.swift */ = {isa = PBXFileReference; lastKnownFileType = sourcecode.swift; path = HomeNoteCard.swift; sourceTree = "<group>"; };
		CBDD7AA9299E47C70090DCB0 /* HomeLabelList.swift */ = {isa = PBXFileReference; lastKnownFileType = sourcecode.swift; path = HomeLabelList.swift; sourceTree = "<group>"; };
		CBDD7AAB299E486F0090DCB0 /* LabelEditSheet.swift */ = {isa = PBXFileReference; lastKnownFileType = sourcecode.swift; path = LabelEditSheet.swift; sourceTree = "<group>"; };
		CBDD7AAD299E4EFE0090DCB0 /* DetailsView.swift */ = {isa = PBXFileReference; lastKnownFileType = sourcecode.swift; path = DetailsView.swift; sourceTree = "<group>"; };
/* End PBXFileReference section */

/* Begin PBXFrameworksBuildPhase section */
		84D67BE1292294A700AD3242 /* Frameworks */ = {
			isa = PBXFrameworksBuildPhase;
			buildActionMask = 2147483647;
			files = (
			);
			runOnlyForDeploymentPostprocessing = 0;
		};
		84D67BF1292294A900AD3242 /* Frameworks */ = {
			isa = PBXFrameworksBuildPhase;
			buildActionMask = 2147483647;
			files = (
			);
			runOnlyForDeploymentPostprocessing = 0;
		};
		84D67BFB292294A900AD3242 /* Frameworks */ = {
			isa = PBXFrameworksBuildPhase;
			buildActionMask = 2147483647;
			files = (
			);
			runOnlyForDeploymentPostprocessing = 0;
		};
/* End PBXFrameworksBuildPhase section */

/* Begin PBXGroup section */
		84D67BDB292294A700AD3242 = {
			isa = PBXGroup;
			children = (
				84D67BE6292294A700AD3242 /* Note */,
				84D67BF7292294A900AD3242 /* NoteTests */,
				84D67C01292294A900AD3242 /* NoteUITests */,
				84D67BE5292294A700AD3242 /* Products */,
			);
			sourceTree = "<group>";
		};
		84D67BE5292294A700AD3242 /* Products */ = {
			isa = PBXGroup;
			children = (
				84D67BE4292294A700AD3242 /* Note.app */,
				84D67BF4292294A900AD3242 /* NoteTests.xctest */,
				84D67BFE292294A900AD3242 /* NoteUITests.xctest */,
			);
			name = Products;
			sourceTree = "<group>";
		};
		84D67BE6292294A700AD3242 /* Note */ = {
			isa = PBXGroup;
			children = (
				CBB9EBF429D9B8AD00A61BA4 /* Model */,
				CB6C74E3299D0B4C00922D3D /* Presentation */,
				84D67BEB292294A800AD3242 /* Assets.xcassets */,
				84D67BED292294A800AD3242 /* Preview Content */,
			);
			path = Note;
			sourceTree = "<group>";
		};
		84D67BED292294A800AD3242 /* Preview Content */ = {
			isa = PBXGroup;
			children = (
				84D67BEE292294A800AD3242 /* Preview Assets.xcassets */,
			);
			path = "Preview Content";
			sourceTree = "<group>";
		};
		84D67BF7292294A900AD3242 /* NoteTests */ = {
			isa = PBXGroup;
			children = (
				84D67BF8292294A900AD3242 /* NoteTests.swift */,
			);
			path = NoteTests;
			sourceTree = "<group>";
		};
		84D67C01292294A900AD3242 /* NoteUITests */ = {
			isa = PBXGroup;
			children = (
				84D67C02292294A900AD3242 /* NoteUITests.swift */,
				84D67C04292294A900AD3242 /* NoteUITestsLaunchTests.swift */,
			);
			path = NoteUITests;
			sourceTree = "<group>";
		};
		CB6C74E3299D0B4C00922D3D /* Presentation */ = {
			isa = PBXGroup;
			children = (
				CB6C74E5299D0C1E00922D3D /* Ui */,
				CB6C74E4299D0B8D00922D3D /* Components */,
			);
			path = Presentation;
			sourceTree = "<group>";
		};
		CB6C74E4299D0B8D00922D3D /* Components */ = {
			isa = PBXGroup;
			children = (
				CB80AE62299C8D03003E572A /* Sidebar.swift */,
				CB6C74E9299D0F3100922D3D /* SearchBar.swift */,
			);
			path = Components;
			sourceTree = "<group>";
		};
		CB6C74E5299D0C1E00922D3D /* Ui */ = {
			isa = PBXGroup;
			children = (
				CBC9CC36299F3D3C004EDE35 /* Home */,
				CBDD7AA8299E47410090DCB0 /* Details */,
				CBDD7AA7299E47310090DCB0 /* Labels */,
				CB6C74E6299D0D7600922D3D /* Notes */,
				84D67BE7292294A700AD3242 /* NoteApp.swift */,
				84D67BE9292294A700AD3242 /* ContentView.swift */,
			);
			path = Ui;
			sourceTree = "<group>";
		};
		CB6C74E6299D0D7600922D3D /* Notes */ = {
			isa = PBXGroup;
			children = (
				CB6C74E7299D0D9400922D3D /* NotesView.swift */,
				CB6C74EB299D118600922D3D /* NoteCard.swift */,
				CBC97AAD29A2340600422205 /* NoteCardGrid.swift */,
			);
			path = Notes;
			sourceTree = "<group>";
		};
		CBB9EBF429D9B8AD00A61BA4 /* Model */ = {
			isa = PBXGroup;
			children = (
				CBB9EBF529D9B8CB00A61BA4 /* Enums */,
			);
			path = Model;
			sourceTree = "<group>";
		};
		CBB9EBF529D9B8CB00A61BA4 /* Enums */ = {
			isa = PBXGroup;
			children = (
			);
			path = Enums;
			sourceTree = "<group>";
		};
		CBC9CC36299F3D3C004EDE35 /* Home */ = {
			isa = PBXGroup;
			children = (
				CBC9CC37299F3D80004EDE35 /* HomeNoteCard.swift */,
				CB3FE72729A0EDF1006690FB /* HomeNoteCardGrid.swift */,
				CBDD7AA9299E47C70090DCB0 /* HomeLabelList.swift */,
				CBC97AAB29A2018400422205 /* HomeView.swift */,
			);
			path = Home;
			sourceTree = "<group>";
		};
		CBDD7AA7299E47310090DCB0 /* Labels */ = {
			isa = PBXGroup;
			children = (
				CBDD7AAB299E486F0090DCB0 /* LabelEditSheet.swift */,
			);
			path = Labels;
			sourceTree = "<group>";
		};
		CBDD7AA8299E47410090DCB0 /* Details */ = {
			isa = PBXGroup;
			children = (
				CBDD7AAD299E4EFE0090DCB0 /* DetailsView.swift */,
			);
			path = Details;
			sourceTree = "<group>";
		};
/* End PBXGroup section */

/* Begin PBXNativeTarget section */
		84D67BE3292294A700AD3242 /* Note */ = {
			isa = PBXNativeTarget;
			buildConfigurationList = 84D67C08292294A900AD3242 /* Build configuration list for PBXNativeTarget "Note" */;
			buildPhases = (
				84D67BE0292294A700AD3242 /* Sources */,
				84D67BE1292294A700AD3242 /* Frameworks */,
				84D67BE2292294A700AD3242 /* Resources */,
			);
			buildRules = (
			);
			dependencies = (
			);
			name = Note;
			productName = Note;
			productReference = 84D67BE4292294A700AD3242 /* Note.app */;
			productType = "com.apple.product-type.application";
		};
		84D67BF3292294A900AD3242 /* NoteTests */ = {
			isa = PBXNativeTarget;
			buildConfigurationList = 84D67C0B292294A900AD3242 /* Build configuration list for PBXNativeTarget "NoteTests" */;
			buildPhases = (
				84D67BF0292294A900AD3242 /* Sources */,
				84D67BF1292294A900AD3242 /* Frameworks */,
				84D67BF2292294A900AD3242 /* Resources */,
			);
			buildRules = (
			);
			dependencies = (
				84D67BF6292294A900AD3242 /* PBXTargetDependency */,
			);
			name = NoteTests;
			productName = NoteTests;
			productReference = 84D67BF4292294A900AD3242 /* NoteTests.xctest */;
			productType = "com.apple.product-type.bundle.unit-test";
		};
		84D67BFD292294A900AD3242 /* NoteUITests */ = {
			isa = PBXNativeTarget;
			buildConfigurationList = 84D67C0E292294A900AD3242 /* Build configuration list for PBXNativeTarget "NoteUITests" */;
			buildPhases = (
				84D67BFA292294A900AD3242 /* Sources */,
				84D67BFB292294A900AD3242 /* Frameworks */,
				84D67BFC292294A900AD3242 /* Resources */,
			);
			buildRules = (
			);
			dependencies = (
				84D67C00292294A900AD3242 /* PBXTargetDependency */,
			);
			name = NoteUITests;
			productName = NoteUITests;
			productReference = 84D67BFE292294A900AD3242 /* NoteUITests.xctest */;
			productType = "com.apple.product-type.bundle.ui-testing";
		};
/* End PBXNativeTarget section */

/* Begin PBXProject section */
		84D67BDC292294A700AD3242 /* Project object */ = {
			isa = PBXProject;
			attributes = {
				BuildIndependentTargetsInParallel = 1;
				LastSwiftUpdateCheck = 1400;
				LastUpgradeCheck = 1400;
				TargetAttributes = {
					84D67BE3292294A700AD3242 = {
						CreatedOnToolsVersion = 14.0.1;
					};
					84D67BF3292294A900AD3242 = {
						CreatedOnToolsVersion = 14.0.1;
						TestTargetID = 84D67BE3292294A700AD3242;
					};
					84D67BFD292294A900AD3242 = {
						CreatedOnToolsVersion = 14.0.1;
						TestTargetID = 84D67BE3292294A700AD3242;
					};
				};
			};
			buildConfigurationList = 84D67BDF292294A700AD3242 /* Build configuration list for PBXProject "Note" */;
			compatibilityVersion = "Xcode 14.0";
			developmentRegion = en;
			hasScannedForEncodings = 0;
			knownRegions = (
				en,
				Base,
			);
			mainGroup = 84D67BDB292294A700AD3242;
			productRefGroup = 84D67BE5292294A700AD3242 /* Products */;
			projectDirPath = "";
			projectRoot = "";
			targets = (
				84D67BE3292294A700AD3242 /* Note */,
				84D67BF3292294A900AD3242 /* NoteTests */,
				84D67BFD292294A900AD3242 /* NoteUITests */,
			);
		};
/* End PBXProject section */

/* Begin PBXResourcesBuildPhase section */
		84D67BE2292294A700AD3242 /* Resources */ = {
			isa = PBXResourcesBuildPhase;
			buildActionMask = 2147483647;
			files = (
				84D67BEF292294A800AD3242 /* Preview Assets.xcassets in Resources */,
				84D67BEC292294A800AD3242 /* Assets.xcassets in Resources */,
			);
			runOnlyForDeploymentPostprocessing = 0;
		};
		84D67BF2292294A900AD3242 /* Resources */ = {
			isa = PBXResourcesBuildPhase;
			buildActionMask = 2147483647;
			files = (
			);
			runOnlyForDeploymentPostprocessing = 0;
		};
		84D67BFC292294A900AD3242 /* Resources */ = {
			isa = PBXResourcesBuildPhase;
			buildActionMask = 2147483647;
			files = (
			);
			runOnlyForDeploymentPostprocessing = 0;
		};
/* End PBXResourcesBuildPhase section */

/* Begin PBXSourcesBuildPhase section */
		84D67BE0292294A700AD3242 /* Sources */ = {
			isa = PBXSourcesBuildPhase;
			buildActionMask = 2147483647;
			files = (
				CBDD7AAC299E486F0090DCB0 /* LabelEditSheet.swift in Sources */,
				CBDD7AAE299E4EFE0090DCB0 /* DetailsView.swift in Sources */,
				84D67BEA292294A700AD3242 /* ContentView.swift in Sources */,
				CBDD7AAA299E47C70090DCB0 /* HomeLabelList.swift in Sources */,
				CB3FE72829A0EDF1006690FB /* HomeNoteCardGrid.swift in Sources */,
				CBC97AAE29A2340600422205 /* NoteCardGrid.swift in Sources */,
				CBC9CC38299F3D80004EDE35 /* HomeNoteCard.swift in Sources */,
				CB80AE63299C8D03003E572A /* Sidebar.swift in Sources */,
				CB6C74EA299D0F3100922D3D /* SearchBar.swift in Sources */,
				CB6C74E8299D0D9400922D3D /* NotesView.swift in Sources */,
				CBC97AAC29A2018400422205 /* HomeView.swift in Sources */,
				84D67BE8292294A700AD3242 /* NoteApp.swift in Sources */,
				CB6C74EC299D118600922D3D /* NoteCard.swift in Sources */,
			);
			runOnlyForDeploymentPostprocessing = 0;
		};
		84D67BF0292294A900AD3242 /* Sources */ = {
			isa = PBXSourcesBuildPhase;
			buildActionMask = 2147483647;
			files = (
				84D67BF9292294A900AD3242 /* NoteTests.swift in Sources */,
			);
			runOnlyForDeploymentPostprocessing = 0;
		};
		84D67BFA292294A900AD3242 /* Sources */ = {
			isa = PBXSourcesBuildPhase;
			buildActionMask = 2147483647;
			files = (
				84D67C05292294A900AD3242 /* NoteUITestsLaunchTests.swift in Sources */,
				84D67C03292294A900AD3242 /* NoteUITests.swift in Sources */,
			);
			runOnlyForDeploymentPostprocessing = 0;
		};
/* End PBXSourcesBuildPhase section */

/* Begin PBXTargetDependency section */
		84D67BF6292294A900AD3242 /* PBXTargetDependency */ = {
			isa = PBXTargetDependency;
			target = 84D67BE3292294A700AD3242 /* Note */;
			targetProxy = 84D67BF5292294A900AD3242 /* PBXContainerItemProxy */;
		};
		84D67C00292294A900AD3242 /* PBXTargetDependency */ = {
			isa = PBXTargetDependency;
			target = 84D67BE3292294A700AD3242 /* Note */;
			targetProxy = 84D67BFF292294A900AD3242 /* PBXContainerItemProxy */;
		};
/* End PBXTargetDependency section */

/* Begin XCBuildConfiguration section */
		84D67C06292294A900AD3242 /* Debug */ = {
			isa = XCBuildConfiguration;
			buildSettings = {
				ALWAYS_SEARCH_USER_PATHS = NO;
				CLANG_ANALYZER_NONNULL = YES;
				CLANG_ANALYZER_NUMBER_OBJECT_CONVERSION = YES_AGGRESSIVE;
				CLANG_CXX_LANGUAGE_STANDARD = "gnu++20";
				CLANG_ENABLE_MODULES = YES;
				CLANG_ENABLE_OBJC_ARC = YES;
				CLANG_ENABLE_OBJC_WEAK = YES;
				CLANG_WARN_BLOCK_CAPTURE_AUTORELEASING = YES;
				CLANG_WARN_BOOL_CONVERSION = YES;
				CLANG_WARN_COMMA = YES;
				CLANG_WARN_CONSTANT_CONVERSION = YES;
				CLANG_WARN_DEPRECATED_OBJC_IMPLEMENTATIONS = YES;
				CLANG_WARN_DIRECT_OBJC_ISA_USAGE = YES_ERROR;
				CLANG_WARN_DOCUMENTATION_COMMENTS = YES;
				CLANG_WARN_EMPTY_BODY = YES;
				CLANG_WARN_ENUM_CONVERSION = YES;
				CLANG_WARN_INFINITE_RECURSION = YES;
				CLANG_WARN_INT_CONVERSION = YES;
				CLANG_WARN_NON_LITERAL_NULL_CONVERSION = YES;
				CLANG_WARN_OBJC_IMPLICIT_RETAIN_SELF = YES;
				CLANG_WARN_OBJC_LITERAL_CONVERSION = YES;
				CLANG_WARN_OBJC_ROOT_CLASS = YES_ERROR;
				CLANG_WARN_QUOTED_INCLUDE_IN_FRAMEWORK_HEADER = YES;
				CLANG_WARN_RANGE_LOOP_ANALYSIS = YES;
				CLANG_WARN_STRICT_PROTOTYPES = YES;
				CLANG_WARN_SUSPICIOUS_MOVE = YES;
				CLANG_WARN_UNGUARDED_AVAILABILITY = YES_AGGRESSIVE;
				CLANG_WARN_UNREACHABLE_CODE = YES;
				CLANG_WARN__DUPLICATE_METHOD_MATCH = YES;
				COPY_PHASE_STRIP = NO;
				DEBUG_INFORMATION_FORMAT = dwarf;
				ENABLE_STRICT_OBJC_MSGSEND = YES;
				ENABLE_TESTABILITY = YES;
				GCC_C_LANGUAGE_STANDARD = gnu11;
				GCC_DYNAMIC_NO_PIC = NO;
				GCC_NO_COMMON_BLOCKS = YES;
				GCC_OPTIMIZATION_LEVEL = 0;
				GCC_PREPROCESSOR_DEFINITIONS = (
					"DEBUG=1",
					"$(inherited)",
				);
				GCC_WARN_64_TO_32_BIT_CONVERSION = YES;
				GCC_WARN_ABOUT_RETURN_TYPE = YES_ERROR;
				GCC_WARN_UNDECLARED_SELECTOR = YES;
				GCC_WARN_UNINITIALIZED_AUTOS = YES_AGGRESSIVE;
				GCC_WARN_UNUSED_FUNCTION = YES;
				GCC_WARN_UNUSED_VARIABLE = YES;
				IPHONEOS_DEPLOYMENT_TARGET = 16.0;
				MTL_ENABLE_DEBUG_INFO = INCLUDE_SOURCE;
				MTL_FAST_MATH = YES;
				ONLY_ACTIVE_ARCH = YES;
				SDKROOT = iphoneos;
				SWIFT_ACTIVE_COMPILATION_CONDITIONS = DEBUG;
				SWIFT_OPTIMIZATION_LEVEL = "-Onone";
			};
			name = Debug;
		};
		84D67C07292294A900AD3242 /* Release */ = {
			isa = XCBuildConfiguration;
			buildSettings = {
				ALWAYS_SEARCH_USER_PATHS = NO;
				CLANG_ANALYZER_NONNULL = YES;
				CLANG_ANALYZER_NUMBER_OBJECT_CONVERSION = YES_AGGRESSIVE;
				CLANG_CXX_LANGUAGE_STANDARD = "gnu++20";
				CLANG_ENABLE_MODULES = YES;
				CLANG_ENABLE_OBJC_ARC = YES;
				CLANG_ENABLE_OBJC_WEAK = YES;
				CLANG_WARN_BLOCK_CAPTURE_AUTORELEASING = YES;
				CLANG_WARN_BOOL_CONVERSION = YES;
				CLANG_WARN_COMMA = YES;
				CLANG_WARN_CONSTANT_CONVERSION = YES;
				CLANG_WARN_DEPRECATED_OBJC_IMPLEMENTATIONS = YES;
				CLANG_WARN_DIRECT_OBJC_ISA_USAGE = YES_ERROR;
				CLANG_WARN_DOCUMENTATION_COMMENTS = YES;
				CLANG_WARN_EMPTY_BODY = YES;
				CLANG_WARN_ENUM_CONVERSION = YES;
				CLANG_WARN_INFINITE_RECURSION = YES;
				CLANG_WARN_INT_CONVERSION = YES;
				CLANG_WARN_NON_LITERAL_NULL_CONVERSION = YES;
				CLANG_WARN_OBJC_IMPLICIT_RETAIN_SELF = YES;
				CLANG_WARN_OBJC_LITERAL_CONVERSION = YES;
				CLANG_WARN_OBJC_ROOT_CLASS = YES_ERROR;
				CLANG_WARN_QUOTED_INCLUDE_IN_FRAMEWORK_HEADER = YES;
				CLANG_WARN_RANGE_LOOP_ANALYSIS = YES;
				CLANG_WARN_STRICT_PROTOTYPES = YES;
				CLANG_WARN_SUSPICIOUS_MOVE = YES;
				CLANG_WARN_UNGUARDED_AVAILABILITY = YES_AGGRESSIVE;
				CLANG_WARN_UNREACHABLE_CODE = YES;
				CLANG_WARN__DUPLICATE_METHOD_MATCH = YES;
				COPY_PHASE_STRIP = NO;
				DEBUG_INFORMATION_FORMAT = "dwarf-with-dsym";
				ENABLE_NS_ASSERTIONS = NO;
				ENABLE_STRICT_OBJC_MSGSEND = YES;
				GCC_C_LANGUAGE_STANDARD = gnu11;
				GCC_NO_COMMON_BLOCKS = YES;
				GCC_WARN_64_TO_32_BIT_CONVERSION = YES;
				GCC_WARN_ABOUT_RETURN_TYPE = YES_ERROR;
				GCC_WARN_UNDECLARED_SELECTOR = YES;
				GCC_WARN_UNINITIALIZED_AUTOS = YES_AGGRESSIVE;
				GCC_WARN_UNUSED_FUNCTION = YES;
				GCC_WARN_UNUSED_VARIABLE = YES;
				IPHONEOS_DEPLOYMENT_TARGET = 16.0;
				MTL_ENABLE_DEBUG_INFO = NO;
				MTL_FAST_MATH = YES;
				SDKROOT = iphoneos;
				SWIFT_COMPILATION_MODE = wholemodule;
				SWIFT_OPTIMIZATION_LEVEL = "-O";
				VALIDATE_PRODUCT = YES;
			};
			name = Release;
		};
		84D67C09292294A900AD3242 /* Debug */ = {
			isa = XCBuildConfiguration;
			buildSettings = {
				ASSETCATALOG_COMPILER_APPICON_NAME = AppIcon;
				ASSETCATALOG_COMPILER_GLOBAL_ACCENT_COLOR_NAME = AccentColor;
				CODE_SIGN_STYLE = Automatic;
				CURRENT_PROJECT_VERSION = 1;
				DEVELOPMENT_ASSET_PATHS = "\"Note/Preview Content\"";
				ENABLE_PREVIEWS = YES;
				GENERATE_INFOPLIST_FILE = YES;
				INFOPLIST_KEY_UIApplicationSceneManifest_Generation = YES;
				INFOPLIST_KEY_UIApplicationSupportsIndirectInputEvents = YES;
				INFOPLIST_KEY_UILaunchScreen_Generation = YES;
				INFOPLIST_KEY_UISupportedInterfaceOrientations_iPad = "UIInterfaceOrientationPortrait UIInterfaceOrientationPortraitUpsideDown UIInterfaceOrientationLandscapeLeft UIInterfaceOrientationLandscapeRight";
				INFOPLIST_KEY_UISupportedInterfaceOrientations_iPhone = "UIInterfaceOrientationPortrait UIInterfaceOrientationLandscapeLeft UIInterfaceOrientationLandscapeRight";
				LD_RUNPATH_SEARCH_PATHS = (
					"$(inherited)",
					"@executable_path/Frameworks",
				);
				MARKETING_VERSION = 1.0;
				PRODUCT_BUNDLE_IDENTIFIER = com.example.Note;
				PRODUCT_NAME = "$(TARGET_NAME)";
				SWIFT_EMIT_LOC_STRINGS = YES;
				SWIFT_VERSION = 5.0;
				TARGETED_DEVICE_FAMILY = "1,2";
			};
			name = Debug;
		};
		84D67C0A292294A900AD3242 /* Release */ = {
			isa = XCBuildConfiguration;
			buildSettings = {
				ASSETCATALOG_COMPILER_APPICON_NAME = AppIcon;
				ASSETCATALOG_COMPILER_GLOBAL_ACCENT_COLOR_NAME = AccentColor;
				CODE_SIGN_STYLE = Automatic;
				CURRENT_PROJECT_VERSION = 1;
				DEVELOPMENT_ASSET_PATHS = "\"Note/Preview Content\"";
				ENABLE_PREVIEWS = YES;
				GENERATE_INFOPLIST_FILE = YES;
				INFOPLIST_KEY_UIApplicationSceneManifest_Generation = YES;
				INFOPLIST_KEY_UIApplicationSupportsIndirectInputEvents = YES;
				INFOPLIST_KEY_UILaunchScreen_Generation = YES;
				INFOPLIST_KEY_UISupportedInterfaceOrientations_iPad = "UIInterfaceOrientationPortrait UIInterfaceOrientationPortraitUpsideDown UIInterfaceOrientationLandscapeLeft UIInterfaceOrientationLandscapeRight";
				INFOPLIST_KEY_UISupportedInterfaceOrientations_iPhone = "UIInterfaceOrientationPortrait UIInterfaceOrientationLandscapeLeft UIInterfaceOrientationLandscapeRight";
				LD_RUNPATH_SEARCH_PATHS = (
					"$(inherited)",
					"@executable_path/Frameworks",
				);
				MARKETING_VERSION = 1.0;
				PRODUCT_BUNDLE_IDENTIFIER = com.example.Note;
				PRODUCT_NAME = "$(TARGET_NAME)";
				SWIFT_EMIT_LOC_STRINGS = YES;
				SWIFT_VERSION = 5.0;
				TARGETED_DEVICE_FAMILY = "1,2";
			};
			name = Release;
		};
		84D67C0C292294A900AD3242 /* Debug */ = {
			isa = XCBuildConfiguration;
			buildSettings = {
				ALWAYS_EMBED_SWIFT_STANDARD_LIBRARIES = YES;
				BUNDLE_LOADER = "$(TEST_HOST)";
				CODE_SIGN_STYLE = Automatic;
				CURRENT_PROJECT_VERSION = 1;
				GENERATE_INFOPLIST_FILE = YES;
				IPHONEOS_DEPLOYMENT_TARGET = 16.0;
				MARKETING_VERSION = 1.0;
				PRODUCT_BUNDLE_IDENTIFIER = com.example.NoteTests;
				PRODUCT_NAME = "$(TARGET_NAME)";
				SWIFT_EMIT_LOC_STRINGS = NO;
				SWIFT_VERSION = 5.0;
				TARGETED_DEVICE_FAMILY = "1,2";
				TEST_HOST = "$(BUILT_PRODUCTS_DIR)/Note.app/$(BUNDLE_EXECUTABLE_FOLDER_PATH)/Note";
			};
			name = Debug;
		};
		84D67C0D292294A900AD3242 /* Release */ = {
			isa = XCBuildConfiguration;
			buildSettings = {
				ALWAYS_EMBED_SWIFT_STANDARD_LIBRARIES = YES;
				BUNDLE_LOADER = "$(TEST_HOST)";
				CODE_SIGN_STYLE = Automatic;
				CURRENT_PROJECT_VERSION = 1;
				GENERATE_INFOPLIST_FILE = YES;
				IPHONEOS_DEPLOYMENT_TARGET = 16.0;
				MARKETING_VERSION = 1.0;
				PRODUCT_BUNDLE_IDENTIFIER = com.example.NoteTests;
				PRODUCT_NAME = "$(TARGET_NAME)";
				SWIFT_EMIT_LOC_STRINGS = NO;
				SWIFT_VERSION = 5.0;
				TARGETED_DEVICE_FAMILY = "1,2";
				TEST_HOST = "$(BUILT_PRODUCTS_DIR)/Note.app/$(BUNDLE_EXECUTABLE_FOLDER_PATH)/Note";
			};
			name = Release;
		};
		84D67C0F292294A900AD3242 /* Debug */ = {
			isa = XCBuildConfiguration;
			buildSettings = {
				ALWAYS_EMBED_SWIFT_STANDARD_LIBRARIES = YES;
				CODE_SIGN_STYLE = Automatic;
				CURRENT_PROJECT_VERSION = 1;
				GENERATE_INFOPLIST_FILE = YES;
				MARKETING_VERSION = 1.0;
				PRODUCT_BUNDLE_IDENTIFIER = com.example.NoteUITests;
				PRODUCT_NAME = "$(TARGET_NAME)";
				SWIFT_EMIT_LOC_STRINGS = NO;
				SWIFT_VERSION = 5.0;
				TARGETED_DEVICE_FAMILY = "1,2";
				TEST_TARGET_NAME = Note;
			};
			name = Debug;
		};
		84D67C10292294A900AD3242 /* Release */ = {
			isa = XCBuildConfiguration;
			buildSettings = {
				ALWAYS_EMBED_SWIFT_STANDARD_LIBRARIES = YES;
				CODE_SIGN_STYLE = Automatic;
				CURRENT_PROJECT_VERSION = 1;
				GENERATE_INFOPLIST_FILE = YES;
				MARKETING_VERSION = 1.0;
				PRODUCT_BUNDLE_IDENTIFIER = com.example.NoteUITests;
				PRODUCT_NAME = "$(TARGET_NAME)";
				SWIFT_EMIT_LOC_STRINGS = NO;
				SWIFT_VERSION = 5.0;
				TARGETED_DEVICE_FAMILY = "1,2";
				TEST_TARGET_NAME = Note;
			};
			name = Release;
		};
/* End XCBuildConfiguration section */

/* Begin XCConfigurationList section */
		84D67BDF292294A700AD3242 /* Build configuration list for PBXProject "Note" */ = {
			isa = XCConfigurationList;
			buildConfigurations = (
				84D67C06292294A900AD3242 /* Debug */,
				84D67C07292294A900AD3242 /* Release */,
			);
			defaultConfigurationIsVisible = 0;
			defaultConfigurationName = Release;
		};
		84D67C08292294A900AD3242 /* Build configuration list for PBXNativeTarget "Note" */ = {
			isa = XCConfigurationList;
			buildConfigurations = (
				84D67C09292294A900AD3242 /* Debug */,
				84D67C0A292294A900AD3242 /* Release */,
			);
			defaultConfigurationIsVisible = 0;
			defaultConfigurationName = Release;
		};
		84D67C0B292294A900AD3242 /* Build configuration list for PBXNativeTarget "NoteTests" */ = {
			isa = XCConfigurationList;
			buildConfigurations = (
				84D67C0C292294A900AD3242 /* Debug */,
				84D67C0D292294A900AD3242 /* Release */,
			);
			defaultConfigurationIsVisible = 0;
			defaultConfigurationName = Release;
		};
		84D67C0E292294A900AD3242 /* Build configuration list for PBXNativeTarget "NoteUITests" */ = {
			isa = XCConfigurationList;
			buildConfigurations = (
				84D67C0F292294A900AD3242 /* Debug */,
				84D67C10292294A900AD3242 /* Release */,
			);
			defaultConfigurationIsVisible = 0;
			defaultConfigurationName = Release;
		};
/* End XCConfigurationList section */
	};
	rootObject = 84D67BDC292294A700AD3242 /* Project object */;
}
